
Microsoft Visual Studio Solution File, Format Version 12.00
# Visual Studio Version 17
VisualStudioVersion = 17.9.34728.123
MinimumVisualStudioVersion = 10.0.40219.1
Project("{FAE04EC0-301F-11D3-BF4B-00C04F79EFBC}") = "разделитель", "разделитель\разделитель.csproj", "{8F37DB41-E410-41E2-B002-FC22E77BD71A}"
EndProject
Global
	GlobalSection(SolutionConfigurationPlatforms) = preSolution
		Debug|Any CPU = Debug|Any CPU
		Release|Any CPU = Release|Any CPU
	EndGlobalSection
	GlobalSection(ProjectConfigurationPlatforms) = postSolution
		{8F37DB41-E410-41E2-B002-FC22E77BD71A}.Debug|Any CPU.ActiveCfg = Debug|Any CPU
		{8F37DB41-E410-41E2-B002-FC22E77BD71A}.Debug|Any CPU.Build.0 = Debug|Any CPU
		{8F37DB41-E410-41E2-B002-FC22E77BD71A}.Release|Any CPU.ActiveCfg = Release|Any CPU
		{8F37DB41-E410-41E2-B002-FC22E77BD71A}.Release|Any CPU.Build.0 = Release|Any CPU
	EndGlobalSection
	GlobalSection(SolutionProperties) = preSolution
		HideSolutionNode = FALSE
	EndGlobalSection
	GlobalSection(ExtensibilityGlobals) = postSolution
		SolutionGuid = {F117E42C-5BCA-4C23-9B8A-C8A94563819E}
	EndGlobalSection
EndGlobal
